
Microsoft Visual Studio Solution File, Format Version 12.00
Project("{FAE04EC0-301F-11D3-BF4B-00C04F79EFBC}") = "Abstraction", "src\Abstraction\Abstraction.csproj", "{8E419D1E-46C4-410D-8EA3-5B7F14D77FFC}"
EndProject
Project("{FAE04EC0-301F-11D3-BF4B-00C04F79EFBC}") = "Abstraction.Test", "test\Abstraction.Test\Abstraction.Test.csproj", "{EF60E907-132A-4E93-8FAB-F33138BF7C63}"
EndProject
Project("{2150E333-8FDC-42A3-9474-1A3956D46DE8}") = "Abstraction", "Abstraction", "{74820748-DC17-4649-96ED-AEA27600145F}"
EndProject
Project("{FAE04EC0-301F-11D3-BF4B-00C04F79EFBC}") = "Core", "src\Core\Core.csproj", "{EA61D25B-A30E-446F-8C72-BA872A088D34}"
EndProject
Project("{FAE04EC0-301F-11D3-BF4B-00C04F79EFBC}") = "API", "examples\API\API.csproj", "{83D84923-3CA8-4713-B576-6D368A7DB57C}"
EndProject
Project("{2150E333-8FDC-42A3-9474-1A3956D46DE8}") = "Core", "Core", "{32EE5A3D-2D18-400E-9886-F05D73A31F03}"
EndProject
Project("{FAE04EC0-301F-11D3-BF4B-00C04F79EFBC}") = "Web", "src\Web\Web.csproj", "{84A9E9AA-F1AA-409E-A4B8-88739A2D51B0}"
EndProject
Project("{FAE04EC0-301F-11D3-BF4B-00C04F79EFBC}") = "Core.Test", "test\Core.Test\Core.Test.csproj", "{F5067E01-BF6B-4B27-A73F-3814059DBE93}"
EndProject
Project("{2150E333-8FDC-42A3-9474-1A3956D46DE8}") = "Web", "Web", "{E8E16326-D7B1-4E50-B818-D6695C6AE753}"
EndProject
Global
	GlobalSection(SolutionConfigurationPlatforms) = preSolution
		Debug|Any CPU = Debug|Any CPU
		Release|Any CPU = Release|Any CPU
	EndGlobalSection
	GlobalSection(ProjectConfigurationPlatforms) = postSolution
		{8E419D1E-46C4-410D-8EA3-5B7F14D77FFC}.Debug|Any CPU.ActiveCfg = Debug|Any CPU
		{8E419D1E-46C4-410D-8EA3-5B7F14D77FFC}.Debug|Any CPU.Build.0 = Debug|Any CPU
		{8E419D1E-46C4-410D-8EA3-5B7F14D77FFC}.Release|Any CPU.ActiveCfg = Release|Any CPU
		{8E419D1E-46C4-410D-8EA3-5B7F14D77FFC}.Release|Any CPU.Build.0 = Release|Any CPU
		{EF60E907-132A-4E93-8FAB-F33138BF7C63}.Debug|Any CPU.ActiveCfg = Debug|Any CPU
		{EF60E907-132A-4E93-8FAB-F33138BF7C63}.Debug|Any CPU.Build.0 = Debug|Any CPU
		{EF60E907-132A-4E93-8FAB-F33138BF7C63}.Release|Any CPU.ActiveCfg = Release|Any CPU
		{EF60E907-132A-4E93-8FAB-F33138BF7C63}.Release|Any CPU.Build.0 = Release|Any CPU
		{EA61D25B-A30E-446F-8C72-BA872A088D34}.Debug|Any CPU.ActiveCfg = Debug|Any CPU
		{EA61D25B-A30E-446F-8C72-BA872A088D34}.Debug|Any CPU.Build.0 = Debug|Any CPU
		{EA61D25B-A30E-446F-8C72-BA872A088D34}.Release|Any CPU.ActiveCfg = Release|Any CPU
		{EA61D25B-A30E-446F-8C72-BA872A088D34}.Release|Any CPU.Build.0 = Release|Any CPU
		{83D84923-3CA8-4713-B576-6D368A7DB57C}.Debug|Any CPU.ActiveCfg = Debug|Any CPU
		{83D84923-3CA8-4713-B576-6D368A7DB57C}.Debug|Any CPU.Build.0 = Debug|Any CPU
		{83D84923-3CA8-4713-B576-6D368A7DB57C}.Release|Any CPU.ActiveCfg = Release|Any CPU
		{83D84923-3CA8-4713-B576-6D368A7DB57C}.Release|Any CPU.Build.0 = Release|Any CPU
		{84A9E9AA-F1AA-409E-A4B8-88739A2D51B0}.Debug|Any CPU.ActiveCfg = Debug|Any CPU
		{84A9E9AA-F1AA-409E-A4B8-88739A2D51B0}.Debug|Any CPU.Build.0 = Debug|Any CPU
		{84A9E9AA-F1AA-409E-A4B8-88739A2D51B0}.Release|Any CPU.ActiveCfg = Release|Any CPU
		{84A9E9AA-F1AA-409E-A4B8-88739A2D51B0}.Release|Any CPU.Build.0 = Release|Any CPU
		{F5067E01-BF6B-4B27-A73F-3814059DBE93}.Debug|Any CPU.ActiveCfg = Debug|Any CPU
		{F5067E01-BF6B-4B27-A73F-3814059DBE93}.Debug|Any CPU.Build.0 = Debug|Any CPU
		{F5067E01-BF6B-4B27-A73F-3814059DBE93}.Release|Any CPU.ActiveCfg = Release|Any CPU
		{F5067E01-BF6B-4B27-A73F-3814059DBE93}.Release|Any CPU.Build.0 = Release|Any CPU
	EndGlobalSection
	GlobalSection(NestedProjects) = preSolution
		{8E419D1E-46C4-410D-8EA3-5B7F14D77FFC} = {74820748-DC17-4649-96ED-AEA27600145F}
		{EF60E907-132A-4E93-8FAB-F33138BF7C63} = {74820748-DC17-4649-96ED-AEA27600145F}
		{EA61D25B-A30E-446F-8C72-BA872A088D34} = {32EE5A3D-2D18-400E-9886-F05D73A31F03}
		{F5067E01-BF6B-4B27-A73F-3814059DBE93} = {32EE5A3D-2D18-400E-9886-F05D73A31F03}
		{84A9E9AA-F1AA-409E-A4B8-88739A2D51B0} = {E8E16326-D7B1-4E50-B818-D6695C6AE753}
	EndGlobalSection
EndGlobal
