
Microsoft Visual Studio Solution File, Format Version 12.00
Project("{FAE04EC0-301F-11D3-BF4B-00C04F79EFBC}") = "Abstraction", "src\Abstraction\Abstraction.csproj", "{8E419D1E-46C4-410D-8EA3-5B7F14D77FFC}"
EndProject
Global
	GlobalSection(SolutionConfigurationPlatforms) = preSolution
		Debug|Any CPU = Debug|Any CPU
		Release|Any CPU = Release|Any CPU
	EndGlobalSection
	GlobalSection(ProjectConfigurationPlatforms) = postSolution
		{8E419D1E-46C4-410D-8EA3-5B7F14D77FFC}.Debug|Any CPU.ActiveCfg = Debug|Any CPU
		{8E419D1E-46C4-410D-8EA3-5B7F14D77FFC}.Debug|Any CPU.Build.0 = Debug|Any CPU
		{8E419D1E-46C4-410D-8EA3-5B7F14D77FFC}.Release|Any CPU.ActiveCfg = Release|Any CPU
		{8E419D1E-46C4-410D-8EA3-5B7F14D77FFC}.Release|Any CPU.Build.0 = Release|Any CPU
	EndGlobalSection
EndGlobal
